{
    "_meta": {
        "hash": {
            "sha256": "609a35f65e9a4c07e0e1473ec982c6b5028622e9a795b6cfb8555ad8574804f3"
        },
        "pipfile-spec": 6,
        "requires": {},
        "sources": [
            {
                "name": "pypi",
                "url": "https://pypi.org/simple",
                "verify_ssl": true
            }
        ]
    },
    "default": {
        "atomicwrites": {
            "hashes": [
                "sha256:6d1784dea7c0c8d4a5172b6c620f40b6e4cbfdf96d783691f2e1302a7b88e197",
                "sha256:ae70396ad1a434f9c7046fd2dd196fc04b12f9e91ffb859164193be8b6168a7a"
            ],
            "version": "==1.4.0"
        },
        "attrs": {
            "hashes": [
                "sha256:4b90b09eeeb9b88c35bc642cbac057e45a5fd85367b985bd2809c62b7b939265",
                "sha256:e0d0eb91441a3b53dab4d9b743eafc1ac44476296a2053b6ca3af0b139faf87b"
            ],
            "index": "pypi",
            "version": "==18.1.0"
        },
        "blessings": {
            "hashes": [
                "sha256:98e5854d805f50a5b58ac2333411b0482516a8210f23f43308baeb58d77c157d",
                "sha256:b1fdd7e7a675295630f9ae71527a8ebc10bfefa236b3d6aa4932ee4462c17ba3",
                "sha256:caad5211e7ba5afe04367cdd4cfc68fa886e2e08f6f35e76b7387d2109ccea6e"
            ],
            "index": "pypi",
            "version": "==1.7"
        },
        "certifi": {
            "hashes": [
                "sha256:1a4995114262bffbc2413b159f2a1a480c969de6e6eb13ee966d470af86af59c",
                "sha256:719a74fb9e33b9bd44cc7f3a8d94bc35e4049deebe19ba7d8e108280cfd59830"
            ],
            "version": "==2020.12.5"
        },
        "jsmin": {
            "hashes": [
                "sha256:5d07bf0251a4128e5e8e8eef603849b6b5741c337bff087731a248f9cc774f56"
            ],
            "index": "pypi",
            "version": "==2.1.0"
        },
        "json-e": {
            "hashes": [
                "sha256:f9114a25ed4b575395fbb2daa1183c5b781a647b387fdf28596220bb114673e8"
            ],
            "index": "pypi",
            "version": "==2.5.0"
        },
        "more-itertools": {
            "hashes": [
                "sha256:5652a9ac72209ed7df8d9c15daf4e1aa0e3d2ccd3c87f8265a0673cd9cbc9ced",
                "sha256:c5d6da9ca3ff65220c3bfd2a8db06d698f05d4d2b9be57e1deb2be5a45019713"
            ],
            "version": "==8.7.0"
        },
        "pipenv": {
            "hashes": [
                "sha256:04b9a8b02a3ff12a5502b335850cfdb192adcfd1d6bbdb7a7c47cae9ab9ddece",
                "sha256:e96d5bfa6822a17b2200d455aa5f9002c14361c50df1b1e51921479d7c09e741"
            ],
            "index": "pypi",
            "version": "==2018.5.18"
        },
        "pluggy": {
            "hashes": [
                "sha256:7f8ae7f5bdf75671a718d2daf0a64b7885f74510bcd98b1a0bb420eb9a9d0cff",
                "sha256:d345c8fe681115900d6da8d048ba67c25df42973bda370783cd58826442dcd7c",
                "sha256:e160a7fcf25762bb60efc7e171d4497ff1d8d2d75a3d0df7a21b76821ecbf5c5"
            ],
            "version": "==0.6.0"
        },
        "py": {
            "hashes": [
                "sha256:21b81bda15b66ef5e1a777a21c4dcd9c20ad3efd0b3f817e7a809035269e1bd3",
                "sha256:3b80836aa6d1feeaa108e046da6423ab8f6ceda6468545ae8d02d9d58d18818a"
            ],
            "index": "pypi",
            "version": "==1.10.0"
        },
        "pytest": {
            "hashes": [
                "sha256:8ea01fc4fcc8e1b1e305252b4bc80a1528019ab99fd3b88666c9dc38d754406c",
                "sha256:90898786b3d0b880b47645bae7b51aa9bbf1e9d1e4510c2cfd15dd65c70ea0cd"
            ],
            "index": "pypi",
            "version": "==3.6.2"
        },
        "python-hglib": {
            "hashes": [
                "sha256:693d6ed92a6566e78802c7a03c256cda33d08c63ad3f00fcfa11379b184b9462"
            ],
            "index": "pypi",
            "version": "==2.4"
        },
        "requests": {
            "hashes": [
                "sha256:113fbba5531a9e34945b7d36b33a084e8ba5d0664b703c81a7c572d91919a5b8",
                "sha256:c577815dd00f1394203fc44eb979724b098f88264a9ef898ee45b8e5e9cf587f"
            ],
            "index": "pypi",
            "version": "==2.9.1"
        },
        "six": {
            "hashes": [
                "sha256:0ff78c403d9bccf5a425a6d31a12aa6b47f1c21ca4dc2573a7e2f32a97335eb1",
                "sha256:105f8d68616f8248e24bf0e9372ef04d3cc10104f1980f54d57b2ce73a5ad56a"
            ],
            "index": "pypi",
            "version": "==1.10.0"
        },
        "virtualenv": {
            "hashes": [
                "sha256:1d7e241b431e7afce47e77f8843a276f652699d1fa4f93b9d8ce0076fd7b0b54",
                "sha256:e8e05d4714a1c51a2f5921e62f547fcb0f713ebbe959e0a7f585cc8bef71d11f"
            ],
            "index": "pypi",
            "version": "==15.2.0"
        },
        "virtualenv-clone": {
            "hashes": [
                "sha256:07e74418b7cc64f4fda987bf5bc71ebd59af27a7bc9e8a8ee9fd54b1f2390a27",
                "sha256:665e48dd54c84b98b71a657acb49104c54e7652bce9c1c4f6c6976ed4c827a29"
            ],
            "version": "==0.5.4"
        },
        "voluptuous": {
            "hashes": [
                "sha256:7a7466f8dc3666a292d186d1d871a47bf2120836ccb900d5ba904674957a2396"
            ],
            "index": "pypi",
            "version": "==0.10.5"
        }
    },
    "develop": {}
}
